// !$*UTF8*$!
{
	archiveVersion = 1;
	classes = {
	};
	objectVersion = 55;
	objects = {

/* Begin PBXBuildFile section */
		A2C8B91328B7DBA700545981 /* FavoriteBookApp.swift in Sources */ = {isa = PBXBuildFile; fileRef = A2C8B91228B7DBA700545981 /* FavoriteBookApp.swift */; };
		A2C8B91528B7DBA700545981 /* ContentView.swift in Sources */ = {isa = PBXBuildFile; fileRef = A2C8B91428B7DBA700545981 /* ContentView.swift */; };
		A2C8B91728B7DBA800545981 /* Assets.xcassets in Resources */ = {isa = PBXBuildFile; fileRef = A2C8B91628B7DBA800545981 /* Assets.xcassets */; };
		A2C8B91A28B7DBA800545981 /* Preview Assets.xcassets in Resources */ = {isa = PBXBuildFile; fileRef = A2C8B91928B7DBA800545981 /* Preview Assets.xcassets */; };
		A2C8B92428B7DBA900545981 /* FavoriteBookTests.swift in Sources */ = {isa = PBXBuildFile; fileRef = A2C8B92328B7DBA900545981 /* FavoriteBookTests.swift */; };
		A2C8B92E28B7DBA900545981 /* FavoriteBookUITests.swift in Sources */ = {isa = PBXBuildFile; fileRef = A2C8B92D28B7DBA900545981 /* FavoriteBookUITests.swift */; };
		A2C8B93028B7DBA900545981 /* FavoriteBookUITestsLaunchTests.swift in Sources */ = {isa = PBXBuildFile; fileRef = A2C8B92F28B7DBA900545981 /* FavoriteBookUITestsLaunchTests.swift */; };
		A2C8B93D28B7DBF900545981 /* File.swift in Sources */ = {isa = PBXBuildFile; fileRef = A2C8B93C28B7DBF900545981 /* File.swift */; };
		A2C8B93F28B7E41000545981 /* secondSwiftUIView.swift in Sources */ = {isa = PBXBuildFile; fileRef = A2C8B93E28B7E41000545981 /* secondSwiftUIView.swift */; };
/* End PBXBuildFile section */

/* Begin PBXContainerItemProxy section */
		A2C8B92028B7DBA900545981 /* PBXContainerItemProxy */ = {
			isa = PBXContainerItemProxy;
			containerPortal = A2C8B90728B7DBA700545981 /* Project object */;
			proxyType = 1;
			remoteGlobalIDString = A2C8B90E28B7DBA700545981;
			remoteInfo = FavoriteBook;
		};
		A2C8B92A28B7DBA900545981 /* PBXContainerItemProxy */ = {
			isa = PBXContainerItemProxy;
			containerPortal = A2C8B90728B7DBA700545981 /* Project object */;
			proxyType = 1;
			remoteGlobalIDString = A2C8B90E28B7DBA700545981;
			remoteInfo = FavoriteBook;
		};
/* End PBXContainerItemProxy section */

/* Begin PBXFileReference section */
		A2C8B90F28B7DBA700545981 /* FavoriteBook.app */ = {isa = PBXFileReference; explicitFileType = wrapper.application; includeInIndex = 0; path = FavoriteBook.app; sourceTree = BUILT_PRODUCTS_DIR; };
		A2C8B91228B7DBA700545981 /* FavoriteBookApp.swift */ = {isa = PBXFileReference; lastKnownFileType = sourcecode.swift; path = FavoriteBookApp.swift; sourceTree = "<group>"; };
		A2C8B91428B7DBA700545981 /* ContentView.swift */ = {isa = PBXFileReference; lastKnownFileType = sourcecode.swift; path = ContentView.swift; sourceTree = "<group>"; };
		A2C8B91628B7DBA800545981 /* Assets.xcassets */ = {isa = PBXFileReference; lastKnownFileType = folder.assetcatalog; path = Assets.xcassets; sourceTree = "<group>"; };
		A2C8B91928B7DBA800545981 /* Preview Assets.xcassets */ = {isa = PBXFileReference; lastKnownFileType = folder.assetcatalog; path = "Preview Assets.xcassets"; sourceTree = "<group>"; };
		A2C8B91F28B7DBA900545981 /* FavoriteBookTests.xctest */ = {isa = PBXFileReference; explicitFileType = wrapper.cfbundle; includeInIndex = 0; path = FavoriteBookTests.xctest; sourceTree = BUILT_PRODUCTS_DIR; };
		A2C8B92328B7DBA900545981 /* FavoriteBookTests.swift */ = {isa = PBXFileReference; lastKnownFileType = sourcecode.swift; path = FavoriteBookTests.swift; sourceTree = "<group>"; };
		A2C8B92928B7DBA900545981 /* FavoriteBookUITests.xctest */ = {isa = PBXFileReference; explicitFileType = wrapper.cfbundle; includeInIndex = 0; path = FavoriteBookUITests.xctest; sourceTree = BUILT_PRODUCTS_DIR; };
		A2C8B92D28B7DBA900545981 /* FavoriteBookUITests.swift */ = {isa = PBXFileReference; lastKnownFileType = sourcecode.swift; path = FavoriteBookUITests.swift; sourceTree = "<group>"; };
		A2C8B92F28B7DBA900545981 /* FavoriteBookUITestsLaunchTests.swift */ = {isa = PBXFileReference; lastKnownFileType = sourcecode.swift; path = FavoriteBookUITestsLaunchTests.swift; sourceTree = "<group>"; };
		A2C8B93C28B7DBF900545981 /* File.swift */ = {isa = PBXFileReference; lastKnownFileType = sourcecode.swift; path = File.swift; sourceTree = "<group>"; };
		A2C8B93E28B7E41000545981 /* secondSwiftUIView.swift */ = {isa = PBXFileReference; lastKnownFileType = sourcecode.swift; path = secondSwiftUIView.swift; sourceTree = "<group>"; };
/* End PBXFileReference section */

/* Begin PBXFrameworksBuildPhase section */
		A2C8B90C28B7DBA700545981 /* Frameworks */ = {
			isa = PBXFrameworksBuildPhase;
			buildActionMask = 2147483647;
			files = (
			);
			runOnlyForDeploymentPostprocessing = 0;
		};
		A2C8B91C28B7DBA900545981 /* Frameworks */ = {
			isa = PBXFrameworksBuildPhase;
			buildActionMask = 2147483647;
			files = (
			);
			runOnlyForDeploymentPostprocessing = 0;
		};
		A2C8B92628B7DBA900545981 /* Frameworks */ = {
			isa = PBXFrameworksBuildPhase;
			buildActionMask = 2147483647;
			files = (
			);
			runOnlyForDeploymentPostprocessing = 0;
		};
/* End PBXFrameworksBuildPhase section */

/* Begin PBXGroup section */
		A2C8B90628B7DBA700545981 = {
			isa = PBXGroup;
			children = (
				A2C8B91128B7DBA700545981 /* FavoriteBook */,
				A2C8B92228B7DBA900545981 /* FavoriteBookTests */,
				A2C8B92C28B7DBA900545981 /* FavoriteBookUITests */,
				A2C8B91028B7DBA700545981 /* Products */,
			);
			sourceTree = "<group>";
		};
		A2C8B91028B7DBA700545981 /* Products */ = {
			isa = PBXGroup;
			children = (
				A2C8B90F28B7DBA700545981 /* FavoriteBook.app */,
				A2C8B91F28B7DBA900545981 /* FavoriteBookTests.xctest */,
				A2C8B92928B7DBA900545981 /* FavoriteBookUITests.xctest */,
			);
			name = Products;
			sourceTree = "<group>";
		};
		A2C8B91128B7DBA700545981 /* FavoriteBook */ = {
			isa = PBXGroup;
			children = (
				A2C8B91228B7DBA700545981 /* FavoriteBookApp.swift */,
				A2C8B91428B7DBA700545981 /* ContentView.swift */,
				A2C8B93C28B7DBF900545981 /* File.swift */,
				A2C8B93E28B7E41000545981 /* secondSwiftUIView.swift */,
				A2C8B91628B7DBA800545981 /* Assets.xcassets */,
				A2C8B91828B7DBA800545981 /* Preview Content */,
			);
			path = FavoriteBook;
			sourceTree = "<group>";
		};
		A2C8B91828B7DBA800545981 /* Preview Content */ = {
			isa = PBXGroup;
			children = (
				A2C8B91928B7DBA800545981 /* Preview Assets.xcassets */,
			);
			path = "Preview Content";
			sourceTree = "<group>";
		};
		A2C8B92228B7DBA900545981 /* FavoriteBookTests */ = {
			isa = PBXGroup;
			children = (
				A2C8B92328B7DBA900545981 /* FavoriteBookTests.swift */,
			);
			path = FavoriteBookTests;
			sourceTree = "<group>";
		};
		A2C8B92C28B7DBA900545981 /* FavoriteBookUITests */ = {
			isa = PBXGroup;
			children = (
				A2C8B92D28B7DBA900545981 /* FavoriteBookUITests.swift */,
				A2C8B92F28B7DBA900545981 /* FavoriteBookUITestsLaunchTests.swift */,
			);
			path = FavoriteBookUITests;
			sourceTree = "<group>";
		};
/* End PBXGroup section */

/* Begin PBXNativeTarget section */
		A2C8B90E28B7DBA700545981 /* FavoriteBook */ = {
			isa = PBXNativeTarget;
			buildConfigurationList = A2C8B93328B7DBA900545981 /* Build configuration list for PBXNativeTarget "FavoriteBook" */;
			buildPhases = (
				A2C8B90B28B7DBA700545981 /* Sources */,
				A2C8B90C28B7DBA700545981 /* Frameworks */,
				A2C8B90D28B7DBA700545981 /* Resources */,
			);
			buildRules = (
			);
			dependencies = (
			);
			name = FavoriteBook;
			productName = FavoriteBook;
			productReference = A2C8B90F28B7DBA700545981 /* FavoriteBook.app */;
			productType = "com.apple.product-type.application";
		};
		A2C8B91E28B7DBA900545981 /* FavoriteBookTests */ = {
			isa = PBXNativeTarget;
			buildConfigurationList = A2C8B93628B7DBA900545981 /* Build configuration list for PBXNativeTarget "FavoriteBookTests" */;
			buildPhases = (
				A2C8B91B28B7DBA900545981 /* Sources */,
				A2C8B91C28B7DBA900545981 /* Frameworks */,
				A2C8B91D28B7DBA900545981 /* Resources */,
			);
			buildRules = (
			);
			dependencies = (
				A2C8B92128B7DBA900545981 /* PBXTargetDependency */,
			);
			name = FavoriteBookTests;
			productName = FavoriteBookTests;
			productReference = A2C8B91F28B7DBA900545981 /* FavoriteBookTests.xctest */;
			productType = "com.apple.product-type.bundle.unit-test";
		};
		A2C8B92828B7DBA900545981 /* FavoriteBookUITests */ = {
			isa = PBXNativeTarget;
			buildConfigurationList = A2C8B93928B7DBA900545981 /* Build configuration list for PBXNativeTarget "FavoriteBookUITests" */;
			buildPhases = (
				A2C8B92528B7DBA900545981 /* Sources */,
				A2C8B92628B7DBA900545981 /* Frameworks */,
				A2C8B92728B7DBA900545981 /* Resources */,
			);
			buildRules = (
			);
			dependencies = (
				A2C8B92B28B7DBA900545981 /* PBXTargetDependency */,
			);
			name = FavoriteBookUITests;
			productName = FavoriteBookUITests;
			productReference = A2C8B92928B7DBA900545981 /* FavoriteBookUITests.xctest */;
			productType = "com.apple.product-type.bundle.ui-testing";
		};
/* End PBXNativeTarget section */

/* Begin PBXProject section */
		A2C8B90728B7DBA700545981 /* Project object */ = {
			isa = PBXProject;
			attributes = {
				BuildIndependentTargetsInParallel = 1;
				LastSwiftUpdateCheck = 1340;
				LastUpgradeCheck = 1340;
				TargetAttributes = {
					A2C8B90E28B7DBA700545981 = {
						CreatedOnToolsVersion = 13.4.1;
					};
					A2C8B91E28B7DBA900545981 = {
						CreatedOnToolsVersion = 13.4.1;
						TestTargetID = A2C8B90E28B7DBA700545981;
					};
					A2C8B92828B7DBA900545981 = {
						CreatedOnToolsVersion = 13.4.1;
						TestTargetID = A2C8B90E28B7DBA700545981;
					};
				};
			};
			buildConfigurationList = A2C8B90A28B7DBA700545981 /* Build configuration list for PBXProject "FavoriteBook" */;
			compatibilityVersion = "Xcode 13.0";
			developmentRegion = en;
			hasScannedForEncodings = 0;
			knownRegions = (
				en,
				Base,
			);
			mainGroup = A2C8B90628B7DBA700545981;
			productRefGroup = A2C8B91028B7DBA700545981 /* Products */;
			projectDirPath = "";
			projectRoot = "";
			targets = (
				A2C8B90E28B7DBA700545981 /* FavoriteBook */,
				A2C8B91E28B7DBA900545981 /* FavoriteBookTests */,
				A2C8B92828B7DBA900545981 /* FavoriteBookUITests */,
			);
		};
/* End PBXProject section */

/* Begin PBXResourcesBuildPhase section */
		A2C8B90D28B7DBA700545981 /* Resources */ = {
			isa = PBXResourcesBuildPhase;
			buildActionMask = 2147483647;
			files = (
				A2C8B91A28B7DBA800545981 /* Preview Assets.xcassets in Resources */,
				A2C8B91728B7DBA800545981 /* Assets.xcassets in Resources */,
			);
			runOnlyForDeploymentPostprocessing = 0;
		};
		A2C8B91D28B7DBA900545981 /* Resources */ = {
			isa = PBXResourcesBuildPhase;
			buildActionMask = 2147483647;
			files = (
			);
			runOnlyForDeploymentPostprocessing = 0;
		};
		A2C8B92728B7DBA900545981 /* Resources */ = {
			isa = PBXResourcesBuildPhase;
			buildActionMask = 2147483647;
			files = (
			);
			runOnlyForDeploymentPostprocessing = 0;
		};
/* End PBXResourcesBuildPhase section */

/* Begin PBXSourcesBuildPhase section */
		A2C8B90B28B7DBA700545981 /* Sources */ = {
			isa = PBXSourcesBuildPhase;
			buildActionMask = 2147483647;
			files = (
				A2C8B93F28B7E41000545981 /* secondSwiftUIView.swift in Sources */,
				A2C8B91528B7DBA700545981 /* ContentView.swift in Sources */,
				A2C8B93D28B7DBF900545981 /* File.swift in Sources */,
				A2C8B91328B7DBA700545981 /* FavoriteBookApp.swift in Sources */,
			);
			runOnlyForDeploymentPostprocessing = 0;
		};
		A2C8B91B28B7DBA900545981 /* Sources */ = {
			isa = PBXSourcesBuildPhase;
			buildActionMask = 2147483647;
			files = (
				A2C8B92428B7DBA900545981 /* FavoriteBookTests.swift in Sources */,
			);
			runOnlyForDeploymentPostprocessing = 0;
		};
		A2C8B92528B7DBA900545981 /* Sources */ = {
			isa = PBXSourcesBuildPhase;
			buildActionMask = 2147483647;
			files = (
				A2C8B92E28B7DBA900545981 /* FavoriteBookUITests.swift in Sources */,
				A2C8B93028B7DBA900545981 /* FavoriteBookUITestsLaunchTests.swift in Sources */,
			);
			runOnlyForDeploymentPostprocessing = 0;
		};
/* End PBXSourcesBuildPhase section */

/* Begin PBXTargetDependency section */
		A2C8B92128B7DBA900545981 /* PBXTargetDependency */ = {
			isa = PBXTargetDependency;
			target = A2C8B90E28B7DBA700545981 /* FavoriteBook */;
			targetProxy = A2C8B92028B7DBA900545981 /* PBXContainerItemProxy */;
		};
		A2C8B92B28B7DBA900545981 /* PBXTargetDependency */ = {
			isa = PBXTargetDependency;
			target = A2C8B90E28B7DBA700545981 /* FavoriteBook */;
			targetProxy = A2C8B92A28B7DBA900545981 /* PBXContainerItemProxy */;
		};
/* End PBXTargetDependency section */

/* Begin XCBuildConfiguration section */
		A2C8B93128B7DBA900545981 /* Debug */ = {
			isa = XCBuildConfiguration;
			buildSettings = {
				ALWAYS_SEARCH_USER_PATHS = NO;
				CLANG_ANALYZER_NONNULL = YES;
				CLANG_ANALYZER_NUMBER_OBJECT_CONVERSION = YES_AGGRESSIVE;
				CLANG_CXX_LANGUAGE_STANDARD = "gnu++17";
				CLANG_ENABLE_MODULES = YES;
				CLANG_ENABLE_OBJC_ARC = YES;
				CLANG_ENABLE_OBJC_WEAK = YES;
				CLANG_WARN_BLOCK_CAPTURE_AUTORELEASING = YES;
				CLANG_WARN_BOOL_CONVERSION = YES;
				CLANG_WARN_COMMA = YES;
				CLANG_WARN_CONSTANT_CONVERSION = YES;
				CLANG_WARN_DEPRECATED_OBJC_IMPLEMENTATIONS = YES;
				CLANG_WARN_DIRECT_OBJC_ISA_USAGE = YES_ERROR;
				CLANG_WARN_DOCUMENTATION_COMMENTS = YES;
				CLANG_WARN_EMPTY_BODY = YES;
				CLANG_WARN_ENUM_CONVERSION = YES;
				CLANG_WARN_INFINITE_RECURSION = YES;
				CLANG_WARN_INT_CONVERSION = YES;
				CLANG_WARN_NON_LITERAL_NULL_CONVERSION = YES;
				CLANG_WARN_OBJC_IMPLICIT_RETAIN_SELF = YES;
				CLANG_WARN_OBJC_LITERAL_CONVERSION = YES;
				CLANG_WARN_OBJC_ROOT_CLASS = YES_ERROR;
				CLANG_WARN_QUOTED_INCLUDE_IN_FRAMEWORK_HEADER = YES;
				CLANG_WARN_RANGE_LOOP_ANALYSIS = YES;
				CLANG_WARN_STRICT_PROTOTYPES = YES;
				CLANG_WARN_SUSPICIOUS_MOVE = YES;
				CLANG_WARN_UNGUARDED_AVAILABILITY = YES_AGGRESSIVE;
				CLANG_WARN_UNREACHABLE_CODE = YES;
				CLANG_WARN__DUPLICATE_METHOD_MATCH = YES;
				COPY_PHASE_STRIP = NO;
				DEBUG_INFORMATION_FORMAT = dwarf;
				ENABLE_STRICT_OBJC_MSGSEND = YES;
				ENABLE_TESTABILITY = YES;
				GCC_C_LANGUAGE_STANDARD = gnu11;
				GCC_DYNAMIC_NO_PIC = NO;
				GCC_NO_COMMON_BLOCKS = YES;
				GCC_OPTIMIZATION_LEVEL = 0;
				GCC_PREPROCESSOR_DEFINITIONS = (
					"DEBUG=1",
					"$(inherited)",
				);
				GCC_WARN_64_TO_32_BIT_CONVERSION = YES;
				GCC_WARN_ABOUT_RETURN_TYPE = YES_ERROR;
				GCC_WARN_UNDECLARED_SELECTOR = YES;
				GCC_WARN_UNINITIALIZED_AUTOS = YES_AGGRESSIVE;
				GCC_WARN_UNUSED_FUNCTION = YES;
				GCC_WARN_UNUSED_VARIABLE = YES;
				IPHONEOS_DEPLOYMENT_TARGET = 15.5;
				MTL_ENABLE_DEBUG_INFO = INCLUDE_SOURCE;
				MTL_FAST_MATH = YES;
				ONLY_ACTIVE_ARCH = YES;
				SDKROOT = iphoneos;
				SWIFT_ACTIVE_COMPILATION_CONDITIONS = DEBUG;
				SWIFT_OPTIMIZATION_LEVEL = "-Onone";
			};
			name = Debug;
		};
		A2C8B93228B7DBA900545981 /* Release */ = {
			isa = XCBuildConfiguration;
			buildSettings = {
				ALWAYS_SEARCH_USER_PATHS = NO;
				CLANG_ANALYZER_NONNULL = YES;
				CLANG_ANALYZER_NUMBER_OBJECT_CONVERSION = YES_AGGRESSIVE;
				CLANG_CXX_LANGUAGE_STANDARD = "gnu++17";
				CLANG_ENABLE_MODULES = YES;
				CLANG_ENABLE_OBJC_ARC = YES;
				CLANG_ENABLE_OBJC_WEAK = YES;
				CLANG_WARN_BLOCK_CAPTURE_AUTORELEASING = YES;
				CLANG_WARN_BOOL_CONVERSION = YES;
				CLANG_WARN_COMMA = YES;
				CLANG_WARN_CONSTANT_CONVERSION = YES;
				CLANG_WARN_DEPRECATED_OBJC_IMPLEMENTATIONS = YES;
				CLANG_WARN_DIRECT_OBJC_ISA_USAGE = YES_ERROR;
				CLANG_WARN_DOCUMENTATION_COMMENTS = YES;
				CLANG_WARN_EMPTY_BODY = YES;
				CLANG_WARN_ENUM_CONVERSION = YES;
				CLANG_WARN_INFINITE_RECURSION = YES;
				CLANG_WARN_INT_CONVERSION = YES;
				CLANG_WARN_NON_LITERAL_NULL_CONVERSION = YES;
				CLANG_WARN_OBJC_IMPLICIT_RETAIN_SELF = YES;
				CLANG_WARN_OBJC_LITERAL_CONVERSION = YES;
				CLANG_WARN_OBJC_ROOT_CLASS = YES_ERROR;
				CLANG_WARN_QUOTED_INCLUDE_IN_FRAMEWORK_HEADER = YES;
				CLANG_WARN_RANGE_LOOP_ANALYSIS = YES;
				CLANG_WARN_STRICT_PROTOTYPES = YES;
				CLANG_WARN_SUSPICIOUS_MOVE = YES;
				CLANG_WARN_UNGUARDED_AVAILABILITY = YES_AGGRESSIVE;
				CLANG_WARN_UNREACHABLE_CODE = YES;
				CLANG_WARN__DUPLICATE_METHOD_MATCH = YES;
				COPY_PHASE_STRIP = NO;
				DEBUG_INFORMATION_FORMAT = "dwarf-with-dsym";
				ENABLE_NS_ASSERTIONS = NO;
				ENABLE_STRICT_OBJC_MSGSEND = YES;
				GCC_C_LANGUAGE_STANDARD = gnu11;
				GCC_NO_COMMON_BLOCKS = YES;
				GCC_WARN_64_TO_32_BIT_CONVERSION = YES;
				GCC_WARN_ABOUT_RETURN_TYPE = YES_ERROR;
				GCC_WARN_UNDECLARED_SELECTOR = YES;
				GCC_WARN_UNINITIALIZED_AUTOS = YES_AGGRESSIVE;
				GCC_WARN_UNUSED_FUNCTION = YES;
				GCC_WARN_UNUSED_VARIABLE = YES;
				IPHONEOS_DEPLOYMENT_TARGET = 15.5;
				MTL_ENABLE_DEBUG_INFO = NO;
				MTL_FAST_MATH = YES;
				SDKROOT = iphoneos;
				SWIFT_COMPILATION_MODE = wholemodule;
				SWIFT_OPTIMIZATION_LEVEL = "-O";
				VALIDATE_PRODUCT = YES;
			};
			name = Release;
		};
		A2C8B93428B7DBA900545981 /* Debug */ = {
			isa = XCBuildConfiguration;
			buildSettings = {
				ASSETCATALOG_COMPILER_APPICON_NAME = AppIcon;
				ASSETCATALOG_COMPILER_GLOBAL_ACCENT_COLOR_NAME = AccentColor;
				CODE_SIGN_STYLE = Automatic;
				CURRENT_PROJECT_VERSION = 1;
				DEVELOPMENT_ASSET_PATHS = "\"FavoriteBook/Preview Content\"";
				DEVELOPMENT_TEAM = RN3SC24S4G;
				ENABLE_PREVIEWS = YES;
				GENERATE_INFOPLIST_FILE = YES;
				INFOPLIST_KEY_UIApplicationSceneManifest_Generation = YES;
				INFOPLIST_KEY_UIApplicationSupportsIndirectInputEvents = YES;
				INFOPLIST_KEY_UILaunchScreen_Generation = YES;
				INFOPLIST_KEY_UISupportedInterfaceOrientations_iPad = "UIInterfaceOrientationPortrait UIInterfaceOrientationPortraitUpsideDown UIInterfaceOrientationLandscapeLeft UIInterfaceOrientationLandscapeRight";
				INFOPLIST_KEY_UISupportedInterfaceOrientations_iPhone = "UIInterfaceOrientationPortrait UIInterfaceOrientationLandscapeLeft UIInterfaceOrientationLandscapeRight";
				LD_RUNPATH_SEARCH_PATHS = (
					"$(inherited)",
					"@executable_path/Frameworks",
				);
				MARKETING_VERSION = 1.0;
				PRODUCT_BUNDLE_IDENTIFIER = com.alperenkavuk.FavoriteBook;
				PRODUCT_NAME = "$(TARGET_NAME)";
				SWIFT_EMIT_LOC_STRINGS = YES;
				SWIFT_VERSION = 5.0;
				TARGETED_DEVICE_FAMILY = "1,2";
			};
			name = Debug;
		};
		A2C8B93528B7DBA900545981 /* Release */ = {
			isa = XCBuildConfiguration;
			buildSettings = {
				ASSETCATALOG_COMPILER_APPICON_NAME = AppIcon;
				ASSETCATALOG_COMPILER_GLOBAL_ACCENT_COLOR_NAME = AccentColor;
				CODE_SIGN_STYLE = Automatic;
				CURRENT_PROJECT_VERSION = 1;
				DEVELOPMENT_ASSET_PATHS = "\"FavoriteBook/Preview Content\"";
				DEVELOPMENT_TEAM = RN3SC24S4G;
				ENABLE_PREVIEWS = YES;
				GENERATE_INFOPLIST_FILE = YES;
				INFOPLIST_KEY_UIApplicationSceneManifest_Generation = YES;
				INFOPLIST_KEY_UIApplicationSupportsIndirectInputEvents = YES;
				INFOPLIST_KEY_UILaunchScreen_Generation = YES;
				INFOPLIST_KEY_UISupportedInterfaceOrientations_iPad = "UIInterfaceOrientationPortrait UIInterfaceOrientationPortraitUpsideDown UIInterfaceOrientationLandscapeLeft UIInterfaceOrientationLandscapeRight";
				INFOPLIST_KEY_UISupportedInterfaceOrientations_iPhone = "UIInterfaceOrientationPortrait UIInterfaceOrientationLandscapeLeft UIInterfaceOrientationLandscapeRight";
				LD_RUNPATH_SEARCH_PATHS = (
					"$(inherited)",
					"@executable_path/Frameworks",
				);
				MARKETING_VERSION = 1.0;
				PRODUCT_BUNDLE_IDENTIFIER = com.alperenkavuk.FavoriteBook;
				PRODUCT_NAME = "$(TARGET_NAME)";
				SWIFT_EMIT_LOC_STRINGS = YES;
				SWIFT_VERSION = 5.0;
				TARGETED_DEVICE_FAMILY = "1,2";
			};
			name = Release;
		};
		A2C8B93728B7DBA900545981 /* Debug */ = {
			isa = XCBuildConfiguration;
			buildSettings = {
				ALWAYS_EMBED_SWIFT_STANDARD_LIBRARIES = YES;
				BUNDLE_LOADER = "$(TEST_HOST)";
				CODE_SIGN_STYLE = Automatic;
				CURRENT_PROJECT_VERSION = 1;
				DEVELOPMENT_TEAM = RN3SC24S4G;
				GENERATE_INFOPLIST_FILE = YES;
				IPHONEOS_DEPLOYMENT_TARGET = 15.5;
				MARKETING_VERSION = 1.0;
				PRODUCT_BUNDLE_IDENTIFIER = com.alperenkavuk.FavoriteBookTests;
				PRODUCT_NAME = "$(TARGET_NAME)";
				SWIFT_EMIT_LOC_STRINGS = NO;
				SWIFT_VERSION = 5.0;
				TARGETED_DEVICE_FAMILY = "1,2";
				TEST_HOST = "$(BUILT_PRODUCTS_DIR)/FavoriteBook.app/FavoriteBook";
			};
			name = Debug;
		};
		A2C8B93828B7DBA900545981 /* Release */ = {
			isa = XCBuildConfiguration;
			buildSettings = {
				ALWAYS_EMBED_SWIFT_STANDARD_LIBRARIES = YES;
				BUNDLE_LOADER = "$(TEST_HOST)";
				CODE_SIGN_STYLE = Automatic;
				CURRENT_PROJECT_VERSION = 1;
				DEVELOPMENT_TEAM = RN3SC24S4G;
				GENERATE_INFOPLIST_FILE = YES;
				IPHONEOS_DEPLOYMENT_TARGET = 15.5;
				MARKETING_VERSION = 1.0;
				PRODUCT_BUNDLE_IDENTIFIER = com.alperenkavuk.FavoriteBookTests;
				PRODUCT_NAME = "$(TARGET_NAME)";
				SWIFT_EMIT_LOC_STRINGS = NO;
				SWIFT_VERSION = 5.0;
				TARGETED_DEVICE_FAMILY = "1,2";
				TEST_HOST = "$(BUILT_PRODUCTS_DIR)/FavoriteBook.app/FavoriteBook";
			};
			name = Release;
		};
		A2C8B93A28B7DBA900545981 /* Debug */ = {
			isa = XCBuildConfiguration;
			buildSettings = {
				ALWAYS_EMBED_SWIFT_STANDARD_LIBRARIES = YES;
				CODE_SIGN_STYLE = Automatic;
				CURRENT_PROJECT_VERSION = 1;
				DEVELOPMENT_TEAM = RN3SC24S4G;
				GENERATE_INFOPLIST_FILE = YES;
				MARKETING_VERSION = 1.0;
				PRODUCT_BUNDLE_IDENTIFIER = com.alperenkavuk.FavoriteBookUITests;
				PRODUCT_NAME = "$(TARGET_NAME)";
				SWIFT_EMIT_LOC_STRINGS = NO;
				SWIFT_VERSION = 5.0;
				TARGETED_DEVICE_FAMILY = "1,2";
				TEST_TARGET_NAME = FavoriteBook;
			};
			name = Debug;
		};
		A2C8B93B28B7DBA900545981 /* Release */ = {
			isa = XCBuildConfiguration;
			buildSettings = {
				ALWAYS_EMBED_SWIFT_STANDARD_LIBRARIES = YES;
				CODE_SIGN_STYLE = Automatic;
				CURRENT_PROJECT_VERSION = 1;
				DEVELOPMENT_TEAM = RN3SC24S4G;
				GENERATE_INFOPLIST_FILE = YES;
				MARKETING_VERSION = 1.0;
				PRODUCT_BUNDLE_IDENTIFIER = com.alperenkavuk.FavoriteBookUITests;
				PRODUCT_NAME = "$(TARGET_NAME)";
				SWIFT_EMIT_LOC_STRINGS = NO;
				SWIFT_VERSION = 5.0;
				TARGETED_DEVICE_FAMILY = "1,2";
				TEST_TARGET_NAME = FavoriteBook;
			};
			name = Release;
		};
/* End XCBuildConfiguration section */

/* Begin XCConfigurationList section */
		A2C8B90A28B7DBA700545981 /* Build configuration list for PBXProject "FavoriteBook" */ = {
			isa = XCConfigurationList;
			buildConfigurations = (
				A2C8B93128B7DBA900545981 /* Debug */,
				A2C8B93228B7DBA900545981 /* Release */,
			);
			defaultConfigurationIsVisible = 0;
			defaultConfigurationName = Release;
		};
		A2C8B93328B7DBA900545981 /* Build configuration list for PBXNativeTarget "FavoriteBook" */ = {
			isa = XCConfigurationList;
			buildConfigurations = (
				A2C8B93428B7DBA900545981 /* Debug */,
				A2C8B93528B7DBA900545981 /* Release */,
			);
			defaultConfigurationIsVisible = 0;
			defaultConfigurationName = Release;
		};
		A2C8B93628B7DBA900545981 /* Build configuration list for PBXNativeTarget "FavoriteBookTests" */ = {
			isa = XCConfigurationList;
			buildConfigurations = (
				A2C8B93728B7DBA900545981 /* Debug */,
				A2C8B93828B7DBA900545981 /* Release */,
			);
			defaultConfigurationIsVisible = 0;
			defaultConfigurationName = Release;
		};
		A2C8B93928B7DBA900545981 /* Build configuration list for PBXNativeTarget "FavoriteBookUITests" */ = {
			isa = XCConfigurationList;
			buildConfigurations = (
				A2C8B93A28B7DBA900545981 /* Debug */,
				A2C8B93B28B7DBA900545981 /* Release */,
			);
			defaultConfigurationIsVisible = 0;
			defaultConfigurationName = Release;
		};
/* End XCConfigurationList section */
	};
	rootObject = A2C8B90728B7DBA700545981 /* Project object */;
}
